github.com/ice909/go-common v0.0.0-20241013114956-7d160aa3f840 h1:lAewj0005bHLMTN8LaiidvMlzrXOp0LLPx66v8R/1p0=
github.com/ice909/go-common v0.0.0-20241013114956-7d160aa3f840/go.mod h1:xL3UWPJ2XVnaOSdeDmmc3OLWdAaAsOfHyT7eZ1gVmhA=
github.com/ice909/go-common v0.0.0-20241013121252-e3f6097810ff h1:rnxELvVNRzVAcD72aT8CJJuohsCW4jzxetKPRFfJDPU=
github.com/ice909/go-common v0.0.0-20241013121252-e3f6097810ff/go.mod h1:xL3UWPJ2XVnaOSdeDmmc3OLWdAaAsOfHyT7eZ1gVmhA=
